
Microsoft Visual Studio Solution File, Format Version 12.00
# Visual Studio Version 16
VisualStudioVersion = 16.0.28705.295
MinimumVisualStudioVersion = 10.0.40219.1
Project("{2150E333-8FDC-42A3-9474-1A3956D46DE8}") = "src", "src", "{ED2FE3E2-F7E7-4389-8231-B65123F2076F}"
EndProject
Project("{2150E333-8FDC-42A3-9474-1A3956D46DE8}") = "Solution Items", "Solution Items", "{5A29E8E3-A0FC-4C57-81DD-297B56D1A119}"
	ProjectSection(SolutionItems) = preProject
		global.json = global.json
		NuGet.Config = NuGet.Config
		eng\Versions.props = eng\Versions.props
	EndProjectSection
EndProject
Project("{2150E333-8FDC-42A3-9474-1A3956D46DE8}") = "test", "test", "{17735A9D-BFD9-4585-A7CB-3208CA6EA8A7}"
EndProject
Project("{2150E333-8FDC-42A3-9474-1A3956D46DE8}") = "build", "build", "{89905EC4-BC0F-443B-8ADF-691321F10108}"
	ProjectSection(SolutionItems) = preProject
		build\Branding.props = build\Branding.props
		build\BuildDefaults.props = build\BuildDefaults.props
		build\BundledSdks.props = build\BundledSdks.props
		build\FileExtensions.props = build\FileExtensions.props
		build\MSBuildExtensions.props = build\MSBuildExtensions.props
		build\MSBuildExtensions.targets = build\MSBuildExtensions.targets
		build\OutputDirectories.props = build\OutputDirectories.props
		build\RestoreDependency.proj = build\RestoreDependency.proj
		build\sdks\sdks.csproj = build\sdks\sdks.csproj
		build\Test.targets = build\Test.targets
		eng\Versions.props = eng\Versions.props
	EndProjectSection
EndProject
Project("{2150E333-8FDC-42A3-9474-1A3956D46DE8}") = "package", "package", "{FD7D515A-D10F-4F49-B8AE-21CF7ED071AE}"
	ProjectSection(SolutionItems) = preProject
		build\package\Archive.targets = build\package\Archive.targets
		build\package\Layout.targets = build\package\Layout.targets
		build\package\MSBuildExtensions.targets = build\package\MSBuildExtensions.targets
	EndProjectSection
EndProject
Project("{2150E333-8FDC-42A3-9474-1A3956D46DE8}") = "test", "test", "{FF498306-2DE2-47F6-8C35-3CF0589CF2B8}"
	ProjectSection(SolutionItems) = preProject
		build\test\Empty.props = build\test\Empty.props
		build\test\Empty.targets = build\test\Empty.targets
		build\test\OverlaySdkOnLKG.targets = build\test\OverlaySdkOnLKG.targets
		build\test\TestPackageProjects.targets = build\test\TestPackageProjects.targets
	EndProjectSection
EndProject
Project("{9A19103F-16F7-4668-BE54-9A1E7A4F7556}") = "dotnet", "src\dotnet\dotnet.csproj", "{203F0362-DAFC-4679-A01E-7FBC331D8647}"
EndProject
Project("{9A19103F-16F7-4668-BE54-9A1E7A4F7556}") = "Microsoft.DotNet.Cli.Utils", "src\Microsoft.DotNet.Cli.Utils\Microsoft.DotNet.Cli.Utils.csproj", "{73ACEB34-D22C-43EA-87BE-EFC0E83D0126}"
EndProject
Project("{9A19103F-16F7-4668-BE54-9A1E7A4F7556}") = "Microsoft.DotNet.Configurer", "src\Microsoft.DotNet.Configurer\Microsoft.DotNet.Configurer.csproj", "{ABB81DAE-0D26-483C-BE3B-0F9ACD812A62}"
EndProject
Project("{9A19103F-16F7-4668-BE54-9A1E7A4F7556}") = "Microsoft.DotNet.InternalAbstractions", "src\Microsoft.DotNet.InternalAbstractions\Microsoft.DotNet.InternalAbstractions.csproj", "{570950AD-A080-4F32-980C-F50E312910DF}"
EndProject
Project("{9A19103F-16F7-4668-BE54-9A1E7A4F7556}") = "redist", "src\redist\redist.csproj", "{098D9321-1201-4974-A75E-F58EBCD98ACF}"
EndProject
Project("{9A19103F-16F7-4668-BE54-9A1E7A4F7556}") = "dotnet.Tests", "test\dotnet.Tests\dotnet.Tests.csproj", "{C3845C85-1F59-4552-BE52-32F513CE795F}"
EndProject
Project("{9A19103F-16F7-4668-BE54-9A1E7A4F7556}") = "dotnet-build.Tests", "test\dotnet-build.Tests\dotnet-build.Tests.csproj", "{BBB5A4C8-CD2D-4A6A-9159-0FEAF84B745E}"
EndProject
Project("{9A19103F-16F7-4668-BE54-9A1E7A4F7556}") = "dotnet-msbuild.Tests", "test\dotnet-msbuild.Tests\dotnet-msbuild.Tests.csproj", "{EF745C56-0350-4C42-AA22-86D592E1D8D5}"
EndProject
Project("{9A19103F-16F7-4668-BE54-9A1E7A4F7556}") = "dotnet-new.Tests", "test\dotnet-new.Tests\dotnet-new.Tests.csproj", "{87063BA1-454D-4433-ADF9-89C667275D62}"
EndProject
Project("{9A19103F-16F7-4668-BE54-9A1E7A4F7556}") = "dotnet-nuget.UnitTests", "test\dotnet-nuget.UnitTests\dotnet-nuget.UnitTests.csproj", "{07DD4AE1-5CF6-4EDB-AB29-31EB532F950F}"
EndProject
Project("{9A19103F-16F7-4668-BE54-9A1E7A4F7556}") = "dotnet-test.Tests", "test\dotnet-test.Tests\dotnet-test.Tests.csproj", "{C8D98389-E3CF-4BEF-A9EF-D78672E51866}"
EndProject
Project("{9A19103F-16F7-4668-BE54-9A1E7A4F7556}") = "dotnet-vstest.Tests", "test\dotnet-vstest.Tests\dotnet-vstest.Tests.csproj", "{131C05D4-D685-478F-A3FB-F5600EF93533}"
EndProject
Project("{9A19103F-16F7-4668-BE54-9A1E7A4F7556}") = "EndToEnd.Tests", "test\EndToEnd.Tests\EndToEnd.Tests.csproj", "{1BFF54F9-4E35-49DB-893C-AF2047722FC6}"
EndProject
Project("{9A19103F-16F7-4668-BE54-9A1E7A4F7556}") = "Microsoft.DotNet.Tools.Tests.Utilities", "test\Microsoft.DotNet.Tools.Tests.Utilities\Microsoft.DotNet.Tools.Tests.Utilities.csproj", "{48E260F4-6F3F-4387-B61F-D15BABD06D9A}"
EndProject
Project("{9A19103F-16F7-4668-BE54-9A1E7A4F7556}") = "msbuild.IntegrationTests", "test\msbuild.IntegrationTests\msbuild.IntegrationTests.csproj", "{23EE9BBB-3B33-4CF2-8D1A-29A8DB12E878}"
EndProject
Project("{9A19103F-16F7-4668-BE54-9A1E7A4F7556}") = "Microsoft.DotNet.Cli.Sln.Internal", "src\Microsoft.DotNet.Cli.Sln.Internal\Microsoft.DotNet.Cli.Sln.Internal.csproj", "{C98C7C2E-2C29-4A40-958C-60561ED77791}"
EndProject
Project("{2150E333-8FDC-42A3-9474-1A3956D46DE8}") = "sdk", "sdk", "{3275D006-54C8-4C64-A537-B9941C5D2F0C}"
	ProjectSection(SolutionItems) = preProject
		build\sdks\sdks.csproj = build\sdks\sdks.csproj
	EndProjectSection
EndProject
Project("{9A19103F-16F7-4668-BE54-9A1E7A4F7556}") = "dotnet-add-package.Tests", "test\dotnet-add-package.Tests\dotnet-add-package.Tests.csproj", "{08A40B6A-F695-4EA9-AC8D-CF88FADEA796}"
EndProject
Project("{9A19103F-16F7-4668-BE54-9A1E7A4F7556}") = "Microsoft.DotNet.MSBuildSdkResolver", "src\Microsoft.DotNet.MSBuildSdkResolver\Microsoft.DotNet.MSBuildSdkResolver.csproj", "{FCDFAF40-CC16-4D49-96C0-E49F195E7142}"
EndProject
Project("{9A19103F-16F7-4668-BE54-9A1E7A4F7556}") = "Msbuild.Tests.Utilities", "test\Msbuild.Tests.Utilities\Msbuild.Tests.Utilities.csproj", "{F39AC27C-B185-436C-923C-DFE2374904C9}"
EndProject
Project("{9A19103F-16F7-4668-BE54-9A1E7A4F7556}") = "dotnet-restore.Tests", "test\dotnet-restore.Tests\dotnet-restore.Tests.csproj", "{B4EE3671-C103-4A37-8DEB-C74E0134104E}"
EndProject
Project("{9A19103F-16F7-4668-BE54-9A1E7A4F7556}") = "Microsoft.DotNet.TestFramework", "test\Microsoft.DotNet.TestFramework\Microsoft.DotNet.TestFramework.csproj", "{44759218-B558-4AF0-8991-515F1100DCF5}"
EndProject
Project("{9A19103F-16F7-4668-BE54-9A1E7A4F7556}") = "Microsoft.DotNet.MSBuildSdkResolver.Tests", "test\Microsoft.DotNet.MSBuildSdkResolver.Tests\Microsoft.DotNet.MSBuildSdkResolver.Tests.csproj", "{B7C82980-F01D-4B8A-A746-BFA0032CB152}"
EndProject
Project("{9A19103F-16F7-4668-BE54-9A1E7A4F7556}") = "dotnet-list-package.Tests", "test\dotnet-list-package.Tests\dotnet-list-package.Tests.csproj", "{14C91E15-BD00-4218-9674-6AD216D89AB8}"
EndProject
Project("{9A19103F-16F7-4668-BE54-9A1E7A4F7556}") = "Microsoft.Build", "vendor\msbuild\src\Build\Microsoft.Build.csproj", "{704DEF23-5B82-4901-8471-D30D5E921CD9}"
EndProject
Project("{9A19103F-16F7-4668-BE54-9A1E7A4F7556}") = "Microsoft.Build.Framework", "vendor\msbuild\src\Framework\Microsoft.Build.Framework.csproj", "{0065B55D-B6E7-491E-859C-16F536B00B8C}"
EndProject
Project("{2150E333-8FDC-42A3-9474-1A3956D46DE8}") = "msbuild", "msbuild", "{6E852999-4D8A-4592-BCAC-66DDD4DF8E6D}"
EndProject
Project("{9A19103F-16F7-4668-BE54-9A1E7A4F7556}") = "Microsoft.Build.Tasks", "vendor\msbuild\src\Tasks\Microsoft.Build.Tasks.csproj", "{6EDA327B-C19F-4B03-886C-728C05DEDABE}"
EndProject
Project("{9A19103F-16F7-4668-BE54-9A1E7A4F7556}") = "MSBuild", "vendor\msbuild\src\MSBuild\MSBuild.csproj", "{F9B5038E-C7C6-4AE7-916E-3156F902690F}"
EndProject
Project("{9A19103F-16F7-4668-BE54-9A1E7A4F7556}") = "Microsoft.Build.Utilities", "vendor\msbuild\src\Utilities\Microsoft.Build.Utilities.csproj", "{BC52C118-18CC-407C-A2B8-88310EC19720}"
EndProject
Global
	GlobalSection(SolutionConfigurationPlatforms) = preSolution
		Debug|Any CPU = Debug|Any CPU
		Debug|x64 = Debug|x64
		Debug-MONO|Any CPU = Debug-MONO|Any CPU
		Debug-MONO|x64 = Debug-MONO|x64
		Release|Any CPU = Release|Any CPU
		Release|x64 = Release|x64
		Release-MONO|Any CPU = Release-MONO|Any CPU
		Release-MONO|x64 = Release-MONO|x64
	EndGlobalSection
	GlobalSection(ProjectConfigurationPlatforms) = postSolution
		{203F0362-DAFC-4679-A01E-7FBC331D8647}.Debug|Any CPU.ActiveCfg = Debug|Any CPU
		{203F0362-DAFC-4679-A01E-7FBC331D8647}.Debug|Any CPU.Build.0 = Debug|Any CPU
		{203F0362-DAFC-4679-A01E-7FBC331D8647}.Debug|x64.ActiveCfg = Debug|Any CPU
		{203F0362-DAFC-4679-A01E-7FBC331D8647}.Debug|x64.Build.0 = Debug|Any CPU
		{203F0362-DAFC-4679-A01E-7FBC331D8647}.Debug-MONO|Any CPU.ActiveCfg = Debug|Any CPU
		{203F0362-DAFC-4679-A01E-7FBC331D8647}.Debug-MONO|Any CPU.Build.0 = Debug|Any CPU
		{203F0362-DAFC-4679-A01E-7FBC331D8647}.Debug-MONO|x64.ActiveCfg = Debug|Any CPU
		{203F0362-DAFC-4679-A01E-7FBC331D8647}.Debug-MONO|x64.Build.0 = Debug|Any CPU
		{203F0362-DAFC-4679-A01E-7FBC331D8647}.Release|Any CPU.ActiveCfg = Release|Any CPU
		{203F0362-DAFC-4679-A01E-7FBC331D8647}.Release|Any CPU.Build.0 = Release|Any CPU
		{203F0362-DAFC-4679-A01E-7FBC331D8647}.Release|x64.ActiveCfg = Release|Any CPU
		{203F0362-DAFC-4679-A01E-7FBC331D8647}.Release|x64.Build.0 = Release|Any CPU
		{203F0362-DAFC-4679-A01E-7FBC331D8647}.Release-MONO|Any CPU.ActiveCfg = Release|Any CPU
		{203F0362-DAFC-4679-A01E-7FBC331D8647}.Release-MONO|Any CPU.Build.0 = Release|Any CPU
		{203F0362-DAFC-4679-A01E-7FBC331D8647}.Release-MONO|x64.ActiveCfg = Release|Any CPU
		{203F0362-DAFC-4679-A01E-7FBC331D8647}.Release-MONO|x64.Build.0 = Release|Any CPU
		{73ACEB34-D22C-43EA-87BE-EFC0E83D0126}.Debug|Any CPU.ActiveCfg = Debug|Any CPU
		{73ACEB34-D22C-43EA-87BE-EFC0E83D0126}.Debug|Any CPU.Build.0 = Debug|Any CPU
		{73ACEB34-D22C-43EA-87BE-EFC0E83D0126}.Debug|x64.ActiveCfg = Debug|Any CPU
		{73ACEB34-D22C-43EA-87BE-EFC0E83D0126}.Debug-MONO|Any CPU.ActiveCfg = Debug|Any CPU
		{73ACEB34-D22C-43EA-87BE-EFC0E83D0126}.Debug-MONO|x64.ActiveCfg = Debug|Any CPU
		{73ACEB34-D22C-43EA-87BE-EFC0E83D0126}.Release|Any CPU.ActiveCfg = Release|Any CPU
		{73ACEB34-D22C-43EA-87BE-EFC0E83D0126}.Release|Any CPU.Build.0 = Release|Any CPU
		{73ACEB34-D22C-43EA-87BE-EFC0E83D0126}.Release|x64.ActiveCfg = Release|Any CPU
		{73ACEB34-D22C-43EA-87BE-EFC0E83D0126}.Release-MONO|Any CPU.ActiveCfg = Release|Any CPU
		{73ACEB34-D22C-43EA-87BE-EFC0E83D0126}.Release-MONO|x64.ActiveCfg = Release|Any CPU
		{ABB81DAE-0D26-483C-BE3B-0F9ACD812A62}.Debug|Any CPU.ActiveCfg = Debug|Any CPU
		{ABB81DAE-0D26-483C-BE3B-0F9ACD812A62}.Debug|Any CPU.Build.0 = Debug|Any CPU
		{ABB81DAE-0D26-483C-BE3B-0F9ACD812A62}.Debug|x64.ActiveCfg = Debug|Any CPU
		{ABB81DAE-0D26-483C-BE3B-0F9ACD812A62}.Debug|x64.Build.0 = Debug|Any CPU
		{ABB81DAE-0D26-483C-BE3B-0F9ACD812A62}.Debug-MONO|Any CPU.ActiveCfg = Debug|Any CPU
		{ABB81DAE-0D26-483C-BE3B-0F9ACD812A62}.Debug-MONO|Any CPU.Build.0 = Debug|Any CPU
		{ABB81DAE-0D26-483C-BE3B-0F9ACD812A62}.Debug-MONO|x64.ActiveCfg = Debug|Any CPU
		{ABB81DAE-0D26-483C-BE3B-0F9ACD812A62}.Debug-MONO|x64.Build.0 = Debug|Any CPU
		{ABB81DAE-0D26-483C-BE3B-0F9ACD812A62}.Release|Any CPU.ActiveCfg = Release|Any CPU
		{ABB81DAE-0D26-483C-BE3B-0F9ACD812A62}.Release|Any CPU.Build.0 = Release|Any CPU
		{ABB81DAE-0D26-483C-BE3B-0F9ACD812A62}.Release|x64.ActiveCfg = Release|Any CPU
		{ABB81DAE-0D26-483C-BE3B-0F9ACD812A62}.Release|x64.Build.0 = Release|Any CPU
		{ABB81DAE-0D26-483C-BE3B-0F9ACD812A62}.Release-MONO|Any CPU.ActiveCfg = Release|Any CPU
		{ABB81DAE-0D26-483C-BE3B-0F9ACD812A62}.Release-MONO|Any CPU.Build.0 = Release|Any CPU
		{ABB81DAE-0D26-483C-BE3B-0F9ACD812A62}.Release-MONO|x64.ActiveCfg = Release|Any CPU
		{ABB81DAE-0D26-483C-BE3B-0F9ACD812A62}.Release-MONO|x64.Build.0 = Release|Any CPU
		{570950AD-A080-4F32-980C-F50E312910DF}.Debug|Any CPU.ActiveCfg = Debug|Any CPU
		{570950AD-A080-4F32-980C-F50E312910DF}.Debug|Any CPU.Build.0 = Debug|Any CPU
		{570950AD-A080-4F32-980C-F50E312910DF}.Debug|x64.ActiveCfg = Debug|Any CPU
		{570950AD-A080-4F32-980C-F50E312910DF}.Debug|x64.Build.0 = Debug|Any CPU
		{570950AD-A080-4F32-980C-F50E312910DF}.Debug-MONO|Any CPU.ActiveCfg = Debug|Any CPU
		{570950AD-A080-4F32-980C-F50E312910DF}.Debug-MONO|Any CPU.Build.0 = Debug|Any CPU
		{570950AD-A080-4F32-980C-F50E312910DF}.Debug-MONO|x64.ActiveCfg = Debug|Any CPU
		{570950AD-A080-4F32-980C-F50E312910DF}.Debug-MONO|x64.Build.0 = Debug|Any CPU
		{570950AD-A080-4F32-980C-F50E312910DF}.Release|Any CPU.ActiveCfg = Release|Any CPU
		{570950AD-A080-4F32-980C-F50E312910DF}.Release|Any CPU.Build.0 = Release|Any CPU
		{570950AD-A080-4F32-980C-F50E312910DF}.Release|x64.ActiveCfg = Release|Any CPU
		{570950AD-A080-4F32-980C-F50E312910DF}.Release|x64.Build.0 = Release|Any CPU
		{570950AD-A080-4F32-980C-F50E312910DF}.Release-MONO|Any CPU.ActiveCfg = Release|Any CPU
		{570950AD-A080-4F32-980C-F50E312910DF}.Release-MONO|Any CPU.Build.0 = Release|Any CPU
		{570950AD-A080-4F32-980C-F50E312910DF}.Release-MONO|x64.ActiveCfg = Release|Any CPU
		{570950AD-A080-4F32-980C-F50E312910DF}.Release-MONO|x64.Build.0 = Release|Any CPU
		{098D9321-1201-4974-A75E-F58EBCD98ACF}.Debug|Any CPU.ActiveCfg = Debug|Any CPU
		{098D9321-1201-4974-A75E-F58EBCD98ACF}.Debug|Any CPU.Build.0 = Debug|Any CPU
		{098D9321-1201-4974-A75E-F58EBCD98ACF}.Debug|x64.ActiveCfg = Debug|Any CPU
		{098D9321-1201-4974-A75E-F58EBCD98ACF}.Debug|x64.Build.0 = Debug|Any CPU
		{098D9321-1201-4974-A75E-F58EBCD98ACF}.Debug-MONO|Any CPU.ActiveCfg = Debug|Any CPU
		{098D9321-1201-4974-A75E-F58EBCD98ACF}.Debug-MONO|Any CPU.Build.0 = Debug|Any CPU
		{098D9321-1201-4974-A75E-F58EBCD98ACF}.Debug-MONO|x64.ActiveCfg = Debug|Any CPU
		{098D9321-1201-4974-A75E-F58EBCD98ACF}.Debug-MONO|x64.Build.0 = Debug|Any CPU
		{098D9321-1201-4974-A75E-F58EBCD98ACF}.Release|Any CPU.ActiveCfg = Release|Any CPU
		{098D9321-1201-4974-A75E-F58EBCD98ACF}.Release|Any CPU.Build.0 = Release|Any CPU
		{098D9321-1201-4974-A75E-F58EBCD98ACF}.Release|x64.ActiveCfg = Release|Any CPU
		{098D9321-1201-4974-A75E-F58EBCD98ACF}.Release|x64.Build.0 = Release|Any CPU
		{098D9321-1201-4974-A75E-F58EBCD98ACF}.Release-MONO|Any CPU.ActiveCfg = Release|Any CPU
		{098D9321-1201-4974-A75E-F58EBCD98ACF}.Release-MONO|Any CPU.Build.0 = Release|Any CPU
		{098D9321-1201-4974-A75E-F58EBCD98ACF}.Release-MONO|x64.ActiveCfg = Release|Any CPU
		{098D9321-1201-4974-A75E-F58EBCD98ACF}.Release-MONO|x64.Build.0 = Release|Any CPU
		{C3845C85-1F59-4552-BE52-32F513CE795F}.Debug|Any CPU.ActiveCfg = Debug|Any CPU
		{C3845C85-1F59-4552-BE52-32F513CE795F}.Debug|Any CPU.Build.0 = Debug|Any CPU
		{C3845C85-1F59-4552-BE52-32F513CE795F}.Debug|x64.ActiveCfg = Debug|Any CPU
		{C3845C85-1F59-4552-BE52-32F513CE795F}.Debug|x64.Build.0 = Debug|Any CPU
		{C3845C85-1F59-4552-BE52-32F513CE795F}.Debug-MONO|Any CPU.ActiveCfg = Debug|Any CPU
		{C3845C85-1F59-4552-BE52-32F513CE795F}.Debug-MONO|Any CPU.Build.0 = Debug|Any CPU
		{C3845C85-1F59-4552-BE52-32F513CE795F}.Debug-MONO|x64.ActiveCfg = Debug|Any CPU
		{C3845C85-1F59-4552-BE52-32F513CE795F}.Debug-MONO|x64.Build.0 = Debug|Any CPU
		{C3845C85-1F59-4552-BE52-32F513CE795F}.Release|Any CPU.ActiveCfg = Release|Any CPU
		{C3845C85-1F59-4552-BE52-32F513CE795F}.Release|Any CPU.Build.0 = Release|Any CPU
		{C3845C85-1F59-4552-BE52-32F513CE795F}.Release|x64.ActiveCfg = Release|Any CPU
		{C3845C85-1F59-4552-BE52-32F513CE795F}.Release|x64.Build.0 = Release|Any CPU
		{C3845C85-1F59-4552-BE52-32F513CE795F}.Release-MONO|Any CPU.ActiveCfg = Release|Any CPU
		{C3845C85-1F59-4552-BE52-32F513CE795F}.Release-MONO|Any CPU.Build.0 = Release|Any CPU
		{C3845C85-1F59-4552-BE52-32F513CE795F}.Release-MONO|x64.ActiveCfg = Release|Any CPU
		{C3845C85-1F59-4552-BE52-32F513CE795F}.Release-MONO|x64.Build.0 = Release|Any CPU
		{BBB5A4C8-CD2D-4A6A-9159-0FEAF84B745E}.Debug|Any CPU.ActiveCfg = Debug|Any CPU
		{BBB5A4C8-CD2D-4A6A-9159-0FEAF84B745E}.Debug|Any CPU.Build.0 = Debug|Any CPU
		{BBB5A4C8-CD2D-4A6A-9159-0FEAF84B745E}.Debug|x64.ActiveCfg = Debug|Any CPU
		{BBB5A4C8-CD2D-4A6A-9159-0FEAF84B745E}.Debug|x64.Build.0 = Debug|Any CPU
		{BBB5A4C8-CD2D-4A6A-9159-0FEAF84B745E}.Debug-MONO|Any CPU.ActiveCfg = Debug|Any CPU
		{BBB5A4C8-CD2D-4A6A-9159-0FEAF84B745E}.Debug-MONO|Any CPU.Build.0 = Debug|Any CPU
		{BBB5A4C8-CD2D-4A6A-9159-0FEAF84B745E}.Debug-MONO|x64.ActiveCfg = Debug|Any CPU
		{BBB5A4C8-CD2D-4A6A-9159-0FEAF84B745E}.Debug-MONO|x64.Build.0 = Debug|Any CPU
		{BBB5A4C8-CD2D-4A6A-9159-0FEAF84B745E}.Release|Any CPU.ActiveCfg = Release|Any CPU
		{BBB5A4C8-CD2D-4A6A-9159-0FEAF84B745E}.Release|Any CPU.Build.0 = Release|Any CPU
		{BBB5A4C8-CD2D-4A6A-9159-0FEAF84B745E}.Release|x64.ActiveCfg = Release|Any CPU
		{BBB5A4C8-CD2D-4A6A-9159-0FEAF84B745E}.Release|x64.Build.0 = Release|Any CPU
		{BBB5A4C8-CD2D-4A6A-9159-0FEAF84B745E}.Release-MONO|Any CPU.ActiveCfg = Release|Any CPU
		{BBB5A4C8-CD2D-4A6A-9159-0FEAF84B745E}.Release-MONO|Any CPU.Build.0 = Release|Any CPU
		{BBB5A4C8-CD2D-4A6A-9159-0FEAF84B745E}.Release-MONO|x64.ActiveCfg = Release|Any CPU
		{BBB5A4C8-CD2D-4A6A-9159-0FEAF84B745E}.Release-MONO|x64.Build.0 = Release|Any CPU
		{EF745C56-0350-4C42-AA22-86D592E1D8D5}.Debug|Any CPU.ActiveCfg = Debug|Any CPU
		{EF745C56-0350-4C42-AA22-86D592E1D8D5}.Debug|Any CPU.Build.0 = Debug|Any CPU
		{EF745C56-0350-4C42-AA22-86D592E1D8D5}.Debug|x64.ActiveCfg = Debug|Any CPU
		{EF745C56-0350-4C42-AA22-86D592E1D8D5}.Debug|x64.Build.0 = Debug|Any CPU
		{EF745C56-0350-4C42-AA22-86D592E1D8D5}.Debug-MONO|Any CPU.ActiveCfg = Debug|Any CPU
		{EF745C56-0350-4C42-AA22-86D592E1D8D5}.Debug-MONO|Any CPU.Build.0 = Debug|Any CPU
		{EF745C56-0350-4C42-AA22-86D592E1D8D5}.Debug-MONO|x64.ActiveCfg = Debug|Any CPU
		{EF745C56-0350-4C42-AA22-86D592E1D8D5}.Debug-MONO|x64.Build.0 = Debug|Any CPU
		{EF745C56-0350-4C42-AA22-86D592E1D8D5}.Release|Any CPU.ActiveCfg = Release|Any CPU
		{EF745C56-0350-4C42-AA22-86D592E1D8D5}.Release|Any CPU.Build.0 = Release|Any CPU
		{EF745C56-0350-4C42-AA22-86D592E1D8D5}.Release|x64.ActiveCfg = Release|Any CPU
		{EF745C56-0350-4C42-AA22-86D592E1D8D5}.Release|x64.Build.0 = Release|Any CPU
		{EF745C56-0350-4C42-AA22-86D592E1D8D5}.Release-MONO|Any CPU.ActiveCfg = Release|Any CPU
		{EF745C56-0350-4C42-AA22-86D592E1D8D5}.Release-MONO|Any CPU.Build.0 = Release|Any CPU
		{EF745C56-0350-4C42-AA22-86D592E1D8D5}.Release-MONO|x64.ActiveCfg = Release|Any CPU
		{EF745C56-0350-4C42-AA22-86D592E1D8D5}.Release-MONO|x64.Build.0 = Release|Any CPU
		{87063BA1-454D-4433-ADF9-89C667275D62}.Debug|Any CPU.ActiveCfg = Debug|Any CPU
		{87063BA1-454D-4433-ADF9-89C667275D62}.Debug|Any CPU.Build.0 = Debug|Any CPU
		{87063BA1-454D-4433-ADF9-89C667275D62}.Debug|x64.ActiveCfg = Debug|Any CPU
		{87063BA1-454D-4433-ADF9-89C667275D62}.Debug|x64.Build.0 = Debug|Any CPU
		{87063BA1-454D-4433-ADF9-89C667275D62}.Debug-MONO|Any CPU.ActiveCfg = Debug|Any CPU
		{87063BA1-454D-4433-ADF9-89C667275D62}.Debug-MONO|Any CPU.Build.0 = Debug|Any CPU
		{87063BA1-454D-4433-ADF9-89C667275D62}.Debug-MONO|x64.ActiveCfg = Debug|Any CPU
		{87063BA1-454D-4433-ADF9-89C667275D62}.Debug-MONO|x64.Build.0 = Debug|Any CPU
		{87063BA1-454D-4433-ADF9-89C667275D62}.Release|Any CPU.ActiveCfg = Release|Any CPU
		{87063BA1-454D-4433-ADF9-89C667275D62}.Release|Any CPU.Build.0 = Release|Any CPU
		{87063BA1-454D-4433-ADF9-89C667275D62}.Release|x64.ActiveCfg = Release|Any CPU
		{87063BA1-454D-4433-ADF9-89C667275D62}.Release|x64.Build.0 = Release|Any CPU
		{87063BA1-454D-4433-ADF9-89C667275D62}.Release-MONO|Any CPU.ActiveCfg = Release|Any CPU
		{87063BA1-454D-4433-ADF9-89C667275D62}.Release-MONO|Any CPU.Build.0 = Release|Any CPU
		{87063BA1-454D-4433-ADF9-89C667275D62}.Release-MONO|x64.ActiveCfg = Release|Any CPU
		{87063BA1-454D-4433-ADF9-89C667275D62}.Release-MONO|x64.Build.0 = Release|Any CPU
		{07DD4AE1-5CF6-4EDB-AB29-31EB532F950F}.Debug|Any CPU.ActiveCfg = Debug|Any CPU
		{07DD4AE1-5CF6-4EDB-AB29-31EB532F950F}.Debug|Any CPU.Build.0 = Debug|Any CPU
		{07DD4AE1-5CF6-4EDB-AB29-31EB532F950F}.Debug|x64.ActiveCfg = Debug|Any CPU
		{07DD4AE1-5CF6-4EDB-AB29-31EB532F950F}.Debug|x64.Build.0 = Debug|Any CPU
		{07DD4AE1-5CF6-4EDB-AB29-31EB532F950F}.Debug-MONO|Any CPU.ActiveCfg = Debug|Any CPU
		{07DD4AE1-5CF6-4EDB-AB29-31EB532F950F}.Debug-MONO|Any CPU.Build.0 = Debug|Any CPU
		{07DD4AE1-5CF6-4EDB-AB29-31EB532F950F}.Debug-MONO|x64.ActiveCfg = Debug|Any CPU
		{07DD4AE1-5CF6-4EDB-AB29-31EB532F950F}.Debug-MONO|x64.Build.0 = Debug|Any CPU
		{07DD4AE1-5CF6-4EDB-AB29-31EB532F950F}.Release|Any CPU.ActiveCfg = Release|Any CPU
		{07DD4AE1-5CF6-4EDB-AB29-31EB532F950F}.Release|Any CPU.Build.0 = Release|Any CPU
		{07DD4AE1-5CF6-4EDB-AB29-31EB532F950F}.Release|x64.ActiveCfg = Release|Any CPU
		{07DD4AE1-5CF6-4EDB-AB29-31EB532F950F}.Release|x64.Build.0 = Release|Any CPU
		{07DD4AE1-5CF6-4EDB-AB29-31EB532F950F}.Release-MONO|Any CPU.ActiveCfg = Release|Any CPU
		{07DD4AE1-5CF6-4EDB-AB29-31EB532F950F}.Release-MONO|Any CPU.Build.0 = Release|Any CPU
		{07DD4AE1-5CF6-4EDB-AB29-31EB532F950F}.Release-MONO|x64.ActiveCfg = Release|Any CPU
		{07DD4AE1-5CF6-4EDB-AB29-31EB532F950F}.Release-MONO|x64.Build.0 = Release|Any CPU
		{C8D98389-E3CF-4BEF-A9EF-D78672E51866}.Debug|Any CPU.ActiveCfg = Debug|Any CPU
		{C8D98389-E3CF-4BEF-A9EF-D78672E51866}.Debug|Any CPU.Build.0 = Debug|Any CPU
		{C8D98389-E3CF-4BEF-A9EF-D78672E51866}.Debug|x64.ActiveCfg = Debug|Any CPU
		{C8D98389-E3CF-4BEF-A9EF-D78672E51866}.Debug|x64.Build.0 = Debug|Any CPU
		{C8D98389-E3CF-4BEF-A9EF-D78672E51866}.Debug-MONO|Any CPU.ActiveCfg = Debug|Any CPU
		{C8D98389-E3CF-4BEF-A9EF-D78672E51866}.Debug-MONO|Any CPU.Build.0 = Debug|Any CPU
		{C8D98389-E3CF-4BEF-A9EF-D78672E51866}.Debug-MONO|x64.ActiveCfg = Debug|Any CPU
		{C8D98389-E3CF-4BEF-A9EF-D78672E51866}.Debug-MONO|x64.Build.0 = Debug|Any CPU
		{C8D98389-E3CF-4BEF-A9EF-D78672E51866}.Release|Any CPU.ActiveCfg = Release|Any CPU
		{C8D98389-E3CF-4BEF-A9EF-D78672E51866}.Release|Any CPU.Build.0 = Release|Any CPU
		{C8D98389-E3CF-4BEF-A9EF-D78672E51866}.Release|x64.ActiveCfg = Release|Any CPU
		{C8D98389-E3CF-4BEF-A9EF-D78672E51866}.Release|x64.Build.0 = Release|Any CPU
		{C8D98389-E3CF-4BEF-A9EF-D78672E51866}.Release-MONO|Any CPU.ActiveCfg = Release|Any CPU
		{C8D98389-E3CF-4BEF-A9EF-D78672E51866}.Release-MONO|Any CPU.Build.0 = Release|Any CPU
		{C8D98389-E3CF-4BEF-A9EF-D78672E51866}.Release-MONO|x64.ActiveCfg = Release|Any CPU
		{C8D98389-E3CF-4BEF-A9EF-D78672E51866}.Release-MONO|x64.Build.0 = Release|Any CPU
		{131C05D4-D685-478F-A3FB-F5600EF93533}.Debug|Any CPU.ActiveCfg = Debug|Any CPU
		{131C05D4-D685-478F-A3FB-F5600EF93533}.Debug|Any CPU.Build.0 = Debug|Any CPU
		{131C05D4-D685-478F-A3FB-F5600EF93533}.Debug|x64.ActiveCfg = Debug|Any CPU
		{131C05D4-D685-478F-A3FB-F5600EF93533}.Debug|x64.Build.0 = Debug|Any CPU
		{131C05D4-D685-478F-A3FB-F5600EF93533}.Debug-MONO|Any CPU.ActiveCfg = Debug|Any CPU
		{131C05D4-D685-478F-A3FB-F5600EF93533}.Debug-MONO|Any CPU.Build.0 = Debug|Any CPU
		{131C05D4-D685-478F-A3FB-F5600EF93533}.Debug-MONO|x64.ActiveCfg = Debug|Any CPU
		{131C05D4-D685-478F-A3FB-F5600EF93533}.Debug-MONO|x64.Build.0 = Debug|Any CPU
		{131C05D4-D685-478F-A3FB-F5600EF93533}.Release|Any CPU.ActiveCfg = Release|Any CPU
		{131C05D4-D685-478F-A3FB-F5600EF93533}.Release|Any CPU.Build.0 = Release|Any CPU
		{131C05D4-D685-478F-A3FB-F5600EF93533}.Release|x64.ActiveCfg = Release|Any CPU
		{131C05D4-D685-478F-A3FB-F5600EF93533}.Release|x64.Build.0 = Release|Any CPU
		{131C05D4-D685-478F-A3FB-F5600EF93533}.Release-MONO|Any CPU.ActiveCfg = Release|Any CPU
		{131C05D4-D685-478F-A3FB-F5600EF93533}.Release-MONO|Any CPU.Build.0 = Release|Any CPU
		{131C05D4-D685-478F-A3FB-F5600EF93533}.Release-MONO|x64.ActiveCfg = Release|Any CPU
		{131C05D4-D685-478F-A3FB-F5600EF93533}.Release-MONO|x64.Build.0 = Release|Any CPU
		{1BFF54F9-4E35-49DB-893C-AF2047722FC6}.Debug|Any CPU.ActiveCfg = Debug|Any CPU
		{1BFF54F9-4E35-49DB-893C-AF2047722FC6}.Debug|Any CPU.Build.0 = Debug|Any CPU
		{1BFF54F9-4E35-49DB-893C-AF2047722FC6}.Debug|x64.ActiveCfg = Debug|Any CPU
		{1BFF54F9-4E35-49DB-893C-AF2047722FC6}.Debug|x64.Build.0 = Debug|Any CPU
		{1BFF54F9-4E35-49DB-893C-AF2047722FC6}.Debug-MONO|Any CPU.ActiveCfg = Debug|Any CPU
		{1BFF54F9-4E35-49DB-893C-AF2047722FC6}.Debug-MONO|Any CPU.Build.0 = Debug|Any CPU
		{1BFF54F9-4E35-49DB-893C-AF2047722FC6}.Debug-MONO|x64.ActiveCfg = Debug|Any CPU
		{1BFF54F9-4E35-49DB-893C-AF2047722FC6}.Debug-MONO|x64.Build.0 = Debug|Any CPU
		{1BFF54F9-4E35-49DB-893C-AF2047722FC6}.Release|Any CPU.ActiveCfg = Release|Any CPU
		{1BFF54F9-4E35-49DB-893C-AF2047722FC6}.Release|Any CPU.Build.0 = Release|Any CPU
		{1BFF54F9-4E35-49DB-893C-AF2047722FC6}.Release|x64.ActiveCfg = Release|Any CPU
		{1BFF54F9-4E35-49DB-893C-AF2047722FC6}.Release|x64.Build.0 = Release|Any CPU
		{1BFF54F9-4E35-49DB-893C-AF2047722FC6}.Release-MONO|Any CPU.ActiveCfg = Release|Any CPU
		{1BFF54F9-4E35-49DB-893C-AF2047722FC6}.Release-MONO|Any CPU.Build.0 = Release|Any CPU
		{1BFF54F9-4E35-49DB-893C-AF2047722FC6}.Release-MONO|x64.ActiveCfg = Release|Any CPU
		{1BFF54F9-4E35-49DB-893C-AF2047722FC6}.Release-MONO|x64.Build.0 = Release|Any CPU
		{48E260F4-6F3F-4387-B61F-D15BABD06D9A}.Debug|Any CPU.ActiveCfg = Debug|Any CPU
		{48E260F4-6F3F-4387-B61F-D15BABD06D9A}.Debug|Any CPU.Build.0 = Debug|Any CPU
		{48E260F4-6F3F-4387-B61F-D15BABD06D9A}.Debug|x64.ActiveCfg = Debug|Any CPU
		{48E260F4-6F3F-4387-B61F-D15BABD06D9A}.Debug|x64.Build.0 = Debug|Any CPU
		{48E260F4-6F3F-4387-B61F-D15BABD06D9A}.Debug-MONO|Any CPU.ActiveCfg = Debug|Any CPU
		{48E260F4-6F3F-4387-B61F-D15BABD06D9A}.Debug-MONO|Any CPU.Build.0 = Debug|Any CPU
		{48E260F4-6F3F-4387-B61F-D15BABD06D9A}.Debug-MONO|x64.ActiveCfg = Debug|Any CPU
		{48E260F4-6F3F-4387-B61F-D15BABD06D9A}.Debug-MONO|x64.Build.0 = Debug|Any CPU
		{48E260F4-6F3F-4387-B61F-D15BABD06D9A}.Release|Any CPU.ActiveCfg = Release|Any CPU
		{48E260F4-6F3F-4387-B61F-D15BABD06D9A}.Release|Any CPU.Build.0 = Release|Any CPU
		{48E260F4-6F3F-4387-B61F-D15BABD06D9A}.Release|x64.ActiveCfg = Release|Any CPU
		{48E260F4-6F3F-4387-B61F-D15BABD06D9A}.Release|x64.Build.0 = Release|Any CPU
		{48E260F4-6F3F-4387-B61F-D15BABD06D9A}.Release-MONO|Any CPU.ActiveCfg = Release|Any CPU
		{48E260F4-6F3F-4387-B61F-D15BABD06D9A}.Release-MONO|Any CPU.Build.0 = Release|Any CPU
		{48E260F4-6F3F-4387-B61F-D15BABD06D9A}.Release-MONO|x64.ActiveCfg = Release|Any CPU
		{48E260F4-6F3F-4387-B61F-D15BABD06D9A}.Release-MONO|x64.Build.0 = Release|Any CPU
		{23EE9BBB-3B33-4CF2-8D1A-29A8DB12E878}.Debug|Any CPU.ActiveCfg = Debug|Any CPU
		{23EE9BBB-3B33-4CF2-8D1A-29A8DB12E878}.Debug|Any CPU.Build.0 = Debug|Any CPU
		{23EE9BBB-3B33-4CF2-8D1A-29A8DB12E878}.Debug|x64.ActiveCfg = Debug|Any CPU
		{23EE9BBB-3B33-4CF2-8D1A-29A8DB12E878}.Debug|x64.Build.0 = Debug|Any CPU
		{23EE9BBB-3B33-4CF2-8D1A-29A8DB12E878}.Debug-MONO|Any CPU.ActiveCfg = Debug|Any CPU
		{23EE9BBB-3B33-4CF2-8D1A-29A8DB12E878}.Debug-MONO|Any CPU.Build.0 = Debug|Any CPU
		{23EE9BBB-3B33-4CF2-8D1A-29A8DB12E878}.Debug-MONO|x64.ActiveCfg = Debug|Any CPU
		{23EE9BBB-3B33-4CF2-8D1A-29A8DB12E878}.Debug-MONO|x64.Build.0 = Debug|Any CPU
		{23EE9BBB-3B33-4CF2-8D1A-29A8DB12E878}.Release|Any CPU.ActiveCfg = Release|Any CPU
		{23EE9BBB-3B33-4CF2-8D1A-29A8DB12E878}.Release|Any CPU.Build.0 = Release|Any CPU
		{23EE9BBB-3B33-4CF2-8D1A-29A8DB12E878}.Release|x64.ActiveCfg = Release|Any CPU
		{23EE9BBB-3B33-4CF2-8D1A-29A8DB12E878}.Release|x64.Build.0 = Release|Any CPU
		{23EE9BBB-3B33-4CF2-8D1A-29A8DB12E878}.Release-MONO|Any CPU.ActiveCfg = Release|Any CPU
		{23EE9BBB-3B33-4CF2-8D1A-29A8DB12E878}.Release-MONO|Any CPU.Build.0 = Release|Any CPU
		{23EE9BBB-3B33-4CF2-8D1A-29A8DB12E878}.Release-MONO|x64.ActiveCfg = Release|Any CPU
		{23EE9BBB-3B33-4CF2-8D1A-29A8DB12E878}.Release-MONO|x64.Build.0 = Release|Any CPU
		{C98C7C2E-2C29-4A40-958C-60561ED77791}.Debug|Any CPU.ActiveCfg = Debug|Any CPU
		{C98C7C2E-2C29-4A40-958C-60561ED77791}.Debug|Any CPU.Build.0 = Debug|Any CPU
		{C98C7C2E-2C29-4A40-958C-60561ED77791}.Debug|x64.ActiveCfg = Debug|Any CPU
		{C98C7C2E-2C29-4A40-958C-60561ED77791}.Debug|x64.Build.0 = Debug|Any CPU
		{C98C7C2E-2C29-4A40-958C-60561ED77791}.Debug-MONO|Any CPU.ActiveCfg = Debug|Any CPU
		{C98C7C2E-2C29-4A40-958C-60561ED77791}.Debug-MONO|Any CPU.Build.0 = Debug|Any CPU
		{C98C7C2E-2C29-4A40-958C-60561ED77791}.Debug-MONO|x64.ActiveCfg = Debug|Any CPU
		{C98C7C2E-2C29-4A40-958C-60561ED77791}.Debug-MONO|x64.Build.0 = Debug|Any CPU
		{C98C7C2E-2C29-4A40-958C-60561ED77791}.Release|Any CPU.ActiveCfg = Release|Any CPU
		{C98C7C2E-2C29-4A40-958C-60561ED77791}.Release|Any CPU.Build.0 = Release|Any CPU
		{C98C7C2E-2C29-4A40-958C-60561ED77791}.Release|x64.ActiveCfg = Release|Any CPU
		{C98C7C2E-2C29-4A40-958C-60561ED77791}.Release|x64.Build.0 = Release|Any CPU
		{C98C7C2E-2C29-4A40-958C-60561ED77791}.Release-MONO|Any CPU.ActiveCfg = Release|Any CPU
		{C98C7C2E-2C29-4A40-958C-60561ED77791}.Release-MONO|Any CPU.Build.0 = Release|Any CPU
		{C98C7C2E-2C29-4A40-958C-60561ED77791}.Release-MONO|x64.ActiveCfg = Release|Any CPU
		{C98C7C2E-2C29-4A40-958C-60561ED77791}.Release-MONO|x64.Build.0 = Release|Any CPU
		{08A40B6A-F695-4EA9-AC8D-CF88FADEA796}.Debug|Any CPU.ActiveCfg = Debug|Any CPU
		{08A40B6A-F695-4EA9-AC8D-CF88FADEA796}.Debug|Any CPU.Build.0 = Debug|Any CPU
		{08A40B6A-F695-4EA9-AC8D-CF88FADEA796}.Debug|x64.ActiveCfg = Debug|Any CPU
		{08A40B6A-F695-4EA9-AC8D-CF88FADEA796}.Debug|x64.Build.0 = Debug|Any CPU
		{08A40B6A-F695-4EA9-AC8D-CF88FADEA796}.Debug-MONO|Any CPU.ActiveCfg = Debug|Any CPU
		{08A40B6A-F695-4EA9-AC8D-CF88FADEA796}.Debug-MONO|Any CPU.Build.0 = Debug|Any CPU
		{08A40B6A-F695-4EA9-AC8D-CF88FADEA796}.Debug-MONO|x64.ActiveCfg = Debug|Any CPU
		{08A40B6A-F695-4EA9-AC8D-CF88FADEA796}.Debug-MONO|x64.Build.0 = Debug|Any CPU
		{08A40B6A-F695-4EA9-AC8D-CF88FADEA796}.Release|Any CPU.ActiveCfg = Release|Any CPU
		{08A40B6A-F695-4EA9-AC8D-CF88FADEA796}.Release|Any CPU.Build.0 = Release|Any CPU
		{08A40B6A-F695-4EA9-AC8D-CF88FADEA796}.Release|x64.ActiveCfg = Release|Any CPU
		{08A40B6A-F695-4EA9-AC8D-CF88FADEA796}.Release|x64.Build.0 = Release|Any CPU
		{08A40B6A-F695-4EA9-AC8D-CF88FADEA796}.Release-MONO|Any CPU.ActiveCfg = Release|Any CPU
		{08A40B6A-F695-4EA9-AC8D-CF88FADEA796}.Release-MONO|Any CPU.Build.0 = Release|Any CPU
		{08A40B6A-F695-4EA9-AC8D-CF88FADEA796}.Release-MONO|x64.ActiveCfg = Release|Any CPU
		{08A40B6A-F695-4EA9-AC8D-CF88FADEA796}.Release-MONO|x64.Build.0 = Release|Any CPU
		{FCDFAF40-CC16-4D49-96C0-E49F195E7142}.Debug|Any CPU.ActiveCfg = Debug|Any CPU
		{FCDFAF40-CC16-4D49-96C0-E49F195E7142}.Debug|Any CPU.Build.0 = Debug|Any CPU
		{FCDFAF40-CC16-4D49-96C0-E49F195E7142}.Debug|x64.ActiveCfg = Debug|Any CPU
		{FCDFAF40-CC16-4D49-96C0-E49F195E7142}.Debug|x64.Build.0 = Debug|Any CPU
		{FCDFAF40-CC16-4D49-96C0-E49F195E7142}.Debug-MONO|Any CPU.ActiveCfg = Debug|Any CPU
		{FCDFAF40-CC16-4D49-96C0-E49F195E7142}.Debug-MONO|Any CPU.Build.0 = Debug|Any CPU
		{FCDFAF40-CC16-4D49-96C0-E49F195E7142}.Debug-MONO|x64.ActiveCfg = Debug|Any CPU
		{FCDFAF40-CC16-4D49-96C0-E49F195E7142}.Debug-MONO|x64.Build.0 = Debug|Any CPU
		{FCDFAF40-CC16-4D49-96C0-E49F195E7142}.Release|Any CPU.ActiveCfg = Release|Any CPU
		{FCDFAF40-CC16-4D49-96C0-E49F195E7142}.Release|Any CPU.Build.0 = Release|Any CPU
		{FCDFAF40-CC16-4D49-96C0-E49F195E7142}.Release|x64.ActiveCfg = Release|Any CPU
		{FCDFAF40-CC16-4D49-96C0-E49F195E7142}.Release|x64.Build.0 = Release|Any CPU
		{FCDFAF40-CC16-4D49-96C0-E49F195E7142}.Release-MONO|Any CPU.ActiveCfg = Release|Any CPU
		{FCDFAF40-CC16-4D49-96C0-E49F195E7142}.Release-MONO|Any CPU.Build.0 = Release|Any CPU
		{FCDFAF40-CC16-4D49-96C0-E49F195E7142}.Release-MONO|x64.ActiveCfg = Release|Any CPU
		{FCDFAF40-CC16-4D49-96C0-E49F195E7142}.Release-MONO|x64.Build.0 = Release|Any CPU
		{F39AC27C-B185-436C-923C-DFE2374904C9}.Debug|Any CPU.ActiveCfg = Debug|Any CPU
		{F39AC27C-B185-436C-923C-DFE2374904C9}.Debug|Any CPU.Build.0 = Debug|Any CPU
		{F39AC27C-B185-436C-923C-DFE2374904C9}.Debug|x64.ActiveCfg = Debug|Any CPU
		{F39AC27C-B185-436C-923C-DFE2374904C9}.Debug|x64.Build.0 = Debug|Any CPU
		{F39AC27C-B185-436C-923C-DFE2374904C9}.Debug-MONO|Any CPU.ActiveCfg = Debug|Any CPU
		{F39AC27C-B185-436C-923C-DFE2374904C9}.Debug-MONO|Any CPU.Build.0 = Debug|Any CPU
		{F39AC27C-B185-436C-923C-DFE2374904C9}.Debug-MONO|x64.ActiveCfg = Debug|Any CPU
		{F39AC27C-B185-436C-923C-DFE2374904C9}.Debug-MONO|x64.Build.0 = Debug|Any CPU
		{F39AC27C-B185-436C-923C-DFE2374904C9}.Release|Any CPU.ActiveCfg = Release|Any CPU
		{F39AC27C-B185-436C-923C-DFE2374904C9}.Release|Any CPU.Build.0 = Release|Any CPU
		{F39AC27C-B185-436C-923C-DFE2374904C9}.Release|x64.ActiveCfg = Release|Any CPU
		{F39AC27C-B185-436C-923C-DFE2374904C9}.Release|x64.Build.0 = Release|Any CPU
		{F39AC27C-B185-436C-923C-DFE2374904C9}.Release-MONO|Any CPU.ActiveCfg = Release|Any CPU
		{F39AC27C-B185-436C-923C-DFE2374904C9}.Release-MONO|Any CPU.Build.0 = Release|Any CPU
		{F39AC27C-B185-436C-923C-DFE2374904C9}.Release-MONO|x64.ActiveCfg = Release|Any CPU
		{F39AC27C-B185-436C-923C-DFE2374904C9}.Release-MONO|x64.Build.0 = Release|Any CPU
		{B4EE3671-C103-4A37-8DEB-C74E0134104E}.Debug|Any CPU.ActiveCfg = Debug|Any CPU
		{B4EE3671-C103-4A37-8DEB-C74E0134104E}.Debug|Any CPU.Build.0 = Debug|Any CPU
		{B4EE3671-C103-4A37-8DEB-C74E0134104E}.Debug|x64.ActiveCfg = Debug|Any CPU
		{B4EE3671-C103-4A37-8DEB-C74E0134104E}.Debug|x64.Build.0 = Debug|Any CPU
		{B4EE3671-C103-4A37-8DEB-C74E0134104E}.Debug-MONO|Any CPU.ActiveCfg = Debug|Any CPU
		{B4EE3671-C103-4A37-8DEB-C74E0134104E}.Debug-MONO|Any CPU.Build.0 = Debug|Any CPU
		{B4EE3671-C103-4A37-8DEB-C74E0134104E}.Debug-MONO|x64.ActiveCfg = Debug|Any CPU
		{B4EE3671-C103-4A37-8DEB-C74E0134104E}.Debug-MONO|x64.Build.0 = Debug|Any CPU
		{B4EE3671-C103-4A37-8DEB-C74E0134104E}.Release|Any CPU.ActiveCfg = Release|Any CPU
		{B4EE3671-C103-4A37-8DEB-C74E0134104E}.Release|Any CPU.Build.0 = Release|Any CPU
		{B4EE3671-C103-4A37-8DEB-C74E0134104E}.Release|x64.ActiveCfg = Release|Any CPU
		{B4EE3671-C103-4A37-8DEB-C74E0134104E}.Release|x64.Build.0 = Release|Any CPU
		{B4EE3671-C103-4A37-8DEB-C74E0134104E}.Release-MONO|Any CPU.ActiveCfg = Release|Any CPU
		{B4EE3671-C103-4A37-8DEB-C74E0134104E}.Release-MONO|Any CPU.Build.0 = Release|Any CPU
		{B4EE3671-C103-4A37-8DEB-C74E0134104E}.Release-MONO|x64.ActiveCfg = Release|Any CPU
		{B4EE3671-C103-4A37-8DEB-C74E0134104E}.Release-MONO|x64.Build.0 = Release|Any CPU
		{44759218-B558-4AF0-8991-515F1100DCF5}.Debug|Any CPU.ActiveCfg = Debug|Any CPU
		{44759218-B558-4AF0-8991-515F1100DCF5}.Debug|Any CPU.Build.0 = Debug|Any CPU
		{44759218-B558-4AF0-8991-515F1100DCF5}.Debug|x64.ActiveCfg = Debug|Any CPU
		{44759218-B558-4AF0-8991-515F1100DCF5}.Debug|x64.Build.0 = Debug|Any CPU
		{44759218-B558-4AF0-8991-515F1100DCF5}.Debug-MONO|Any CPU.ActiveCfg = Debug|Any CPU
		{44759218-B558-4AF0-8991-515F1100DCF5}.Debug-MONO|Any CPU.Build.0 = Debug|Any CPU
		{44759218-B558-4AF0-8991-515F1100DCF5}.Debug-MONO|x64.ActiveCfg = Debug|Any CPU
		{44759218-B558-4AF0-8991-515F1100DCF5}.Debug-MONO|x64.Build.0 = Debug|Any CPU
		{44759218-B558-4AF0-8991-515F1100DCF5}.Release|Any CPU.ActiveCfg = Release|Any CPU
		{44759218-B558-4AF0-8991-515F1100DCF5}.Release|Any CPU.Build.0 = Release|Any CPU
		{44759218-B558-4AF0-8991-515F1100DCF5}.Release|x64.ActiveCfg = Release|Any CPU
		{44759218-B558-4AF0-8991-515F1100DCF5}.Release|x64.Build.0 = Release|Any CPU
		{44759218-B558-4AF0-8991-515F1100DCF5}.Release-MONO|Any CPU.ActiveCfg = Release|Any CPU
		{44759218-B558-4AF0-8991-515F1100DCF5}.Release-MONO|Any CPU.Build.0 = Release|Any CPU
		{44759218-B558-4AF0-8991-515F1100DCF5}.Release-MONO|x64.ActiveCfg = Release|Any CPU
		{44759218-B558-4AF0-8991-515F1100DCF5}.Release-MONO|x64.Build.0 = Release|Any CPU
		{B7C82980-F01D-4B8A-A746-BFA0032CB152}.Debug|Any CPU.ActiveCfg = Debug|Any CPU
		{B7C82980-F01D-4B8A-A746-BFA0032CB152}.Debug|Any CPU.Build.0 = Debug|Any CPU
		{B7C82980-F01D-4B8A-A746-BFA0032CB152}.Debug|x64.ActiveCfg = Debug|Any CPU
		{B7C82980-F01D-4B8A-A746-BFA0032CB152}.Debug|x64.Build.0 = Debug|Any CPU
		{B7C82980-F01D-4B8A-A746-BFA0032CB152}.Debug-MONO|Any CPU.ActiveCfg = Debug|Any CPU
		{B7C82980-F01D-4B8A-A746-BFA0032CB152}.Debug-MONO|Any CPU.Build.0 = Debug|Any CPU
		{B7C82980-F01D-4B8A-A746-BFA0032CB152}.Debug-MONO|x64.ActiveCfg = Debug|Any CPU
		{B7C82980-F01D-4B8A-A746-BFA0032CB152}.Debug-MONO|x64.Build.0 = Debug|Any CPU
		{B7C82980-F01D-4B8A-A746-BFA0032CB152}.Release|Any CPU.ActiveCfg = Release|Any CPU
		{B7C82980-F01D-4B8A-A746-BFA0032CB152}.Release|Any CPU.Build.0 = Release|Any CPU
		{B7C82980-F01D-4B8A-A746-BFA0032CB152}.Release|x64.ActiveCfg = Release|Any CPU
		{B7C82980-F01D-4B8A-A746-BFA0032CB152}.Release|x64.Build.0 = Release|Any CPU
		{B7C82980-F01D-4B8A-A746-BFA0032CB152}.Release-MONO|Any CPU.ActiveCfg = Release|Any CPU
		{B7C82980-F01D-4B8A-A746-BFA0032CB152}.Release-MONO|Any CPU.Build.0 = Release|Any CPU
		{B7C82980-F01D-4B8A-A746-BFA0032CB152}.Release-MONO|x64.ActiveCfg = Release|Any CPU
		{B7C82980-F01D-4B8A-A746-BFA0032CB152}.Release-MONO|x64.Build.0 = Release|Any CPU
		{14C91E15-BD00-4218-9674-6AD216D89AB8}.Debug|Any CPU.ActiveCfg = Debug|Any CPU
		{14C91E15-BD00-4218-9674-6AD216D89AB8}.Debug|Any CPU.Build.0 = Debug|Any CPU
		{14C91E15-BD00-4218-9674-6AD216D89AB8}.Debug|x64.ActiveCfg = Debug|Any CPU
		{14C91E15-BD00-4218-9674-6AD216D89AB8}.Debug|x64.Build.0 = Debug|Any CPU
		{14C91E15-BD00-4218-9674-6AD216D89AB8}.Debug-MONO|Any CPU.ActiveCfg = Debug|Any CPU
		{14C91E15-BD00-4218-9674-6AD216D89AB8}.Debug-MONO|Any CPU.Build.0 = Debug|Any CPU
		{14C91E15-BD00-4218-9674-6AD216D89AB8}.Debug-MONO|x64.ActiveCfg = Debug|Any CPU
		{14C91E15-BD00-4218-9674-6AD216D89AB8}.Debug-MONO|x64.Build.0 = Debug|Any CPU
		{14C91E15-BD00-4218-9674-6AD216D89AB8}.Release|Any CPU.ActiveCfg = Release|Any CPU
		{14C91E15-BD00-4218-9674-6AD216D89AB8}.Release|Any CPU.Build.0 = Release|Any CPU
		{14C91E15-BD00-4218-9674-6AD216D89AB8}.Release|x64.ActiveCfg = Release|Any CPU
		{14C91E15-BD00-4218-9674-6AD216D89AB8}.Release|x64.Build.0 = Release|Any CPU
		{14C91E15-BD00-4218-9674-6AD216D89AB8}.Release-MONO|Any CPU.ActiveCfg = Release|Any CPU
		{14C91E15-BD00-4218-9674-6AD216D89AB8}.Release-MONO|Any CPU.Build.0 = Release|Any CPU
		{14C91E15-BD00-4218-9674-6AD216D89AB8}.Release-MONO|x64.ActiveCfg = Release|Any CPU
		{14C91E15-BD00-4218-9674-6AD216D89AB8}.Release-MONO|x64.Build.0 = Release|Any CPU
		{704DEF23-5B82-4901-8471-D30D5E921CD9}.Debug|Any CPU.ActiveCfg = Debug|Any CPU
		{704DEF23-5B82-4901-8471-D30D5E921CD9}.Debug|Any CPU.Build.0 = Debug|Any CPU
		{704DEF23-5B82-4901-8471-D30D5E921CD9}.Debug|x64.ActiveCfg = Debug|x64
		{704DEF23-5B82-4901-8471-D30D5E921CD9}.Debug|x64.Build.0 = Debug|x64
		{704DEF23-5B82-4901-8471-D30D5E921CD9}.Debug-MONO|Any CPU.ActiveCfg = Debug-MONO|Any CPU
		{704DEF23-5B82-4901-8471-D30D5E921CD9}.Debug-MONO|Any CPU.Build.0 = Debug-MONO|Any CPU
		{704DEF23-5B82-4901-8471-D30D5E921CD9}.Debug-MONO|x64.ActiveCfg = Debug-MONO|x64
		{704DEF23-5B82-4901-8471-D30D5E921CD9}.Debug-MONO|x64.Build.0 = Debug-MONO|x64
		{704DEF23-5B82-4901-8471-D30D5E921CD9}.Release|Any CPU.ActiveCfg = Release|Any CPU
		{704DEF23-5B82-4901-8471-D30D5E921CD9}.Release|Any CPU.Build.0 = Release|Any CPU
		{704DEF23-5B82-4901-8471-D30D5E921CD9}.Release|x64.ActiveCfg = Release|x64
		{704DEF23-5B82-4901-8471-D30D5E921CD9}.Release|x64.Build.0 = Release|x64
		{704DEF23-5B82-4901-8471-D30D5E921CD9}.Release-MONO|Any CPU.ActiveCfg = Release-MONO|Any CPU
		{704DEF23-5B82-4901-8471-D30D5E921CD9}.Release-MONO|Any CPU.Build.0 = Release-MONO|Any CPU
		{704DEF23-5B82-4901-8471-D30D5E921CD9}.Release-MONO|x64.ActiveCfg = Release-MONO|x64
		{704DEF23-5B82-4901-8471-D30D5E921CD9}.Release-MONO|x64.Build.0 = Release-MONO|x64
		{0065B55D-B6E7-491E-859C-16F536B00B8C}.Debug|Any CPU.ActiveCfg = Debug|Any CPU
		{0065B55D-B6E7-491E-859C-16F536B00B8C}.Debug|Any CPU.Build.0 = Debug|Any CPU
		{0065B55D-B6E7-491E-859C-16F536B00B8C}.Debug|x64.ActiveCfg = Debug|x64
		{0065B55D-B6E7-491E-859C-16F536B00B8C}.Debug|x64.Build.0 = Debug|x64
		{0065B55D-B6E7-491E-859C-16F536B00B8C}.Debug-MONO|Any CPU.ActiveCfg = Debug-MONO|Any CPU
		{0065B55D-B6E7-491E-859C-16F536B00B8C}.Debug-MONO|Any CPU.Build.0 = Debug-MONO|Any CPU
		{0065B55D-B6E7-491E-859C-16F536B00B8C}.Debug-MONO|x64.ActiveCfg = Debug-MONO|x64
		{0065B55D-B6E7-491E-859C-16F536B00B8C}.Debug-MONO|x64.Build.0 = Debug-MONO|x64
		{0065B55D-B6E7-491E-859C-16F536B00B8C}.Release|Any CPU.ActiveCfg = Release|Any CPU
		{0065B55D-B6E7-491E-859C-16F536B00B8C}.Release|Any CPU.Build.0 = Release|Any CPU
		{0065B55D-B6E7-491E-859C-16F536B00B8C}.Release|x64.ActiveCfg = Release|x64
		{0065B55D-B6E7-491E-859C-16F536B00B8C}.Release|x64.Build.0 = Release|x64
		{0065B55D-B6E7-491E-859C-16F536B00B8C}.Release-MONO|Any CPU.ActiveCfg = Release-MONO|Any CPU
		{0065B55D-B6E7-491E-859C-16F536B00B8C}.Release-MONO|Any CPU.Build.0 = Release-MONO|Any CPU
		{0065B55D-B6E7-491E-859C-16F536B00B8C}.Release-MONO|x64.ActiveCfg = Release-MONO|x64
		{0065B55D-B6E7-491E-859C-16F536B00B8C}.Release-MONO|x64.Build.0 = Release-MONO|x64
		{6EDA327B-C19F-4B03-886C-728C05DEDABE}.Debug|Any CPU.ActiveCfg = Debug|Any CPU
		{6EDA327B-C19F-4B03-886C-728C05DEDABE}.Debug|Any CPU.Build.0 = Debug|Any CPU
		{6EDA327B-C19F-4B03-886C-728C05DEDABE}.Debug|x64.ActiveCfg = Debug|x64
		{6EDA327B-C19F-4B03-886C-728C05DEDABE}.Debug|x64.Build.0 = Debug|x64
		{6EDA327B-C19F-4B03-886C-728C05DEDABE}.Debug-MONO|Any CPU.ActiveCfg = Debug-MONO|Any CPU
		{6EDA327B-C19F-4B03-886C-728C05DEDABE}.Debug-MONO|Any CPU.Build.0 = Debug-MONO|Any CPU
		{6EDA327B-C19F-4B03-886C-728C05DEDABE}.Debug-MONO|x64.ActiveCfg = Debug-MONO|x64
		{6EDA327B-C19F-4B03-886C-728C05DEDABE}.Debug-MONO|x64.Build.0 = Debug-MONO|x64
		{6EDA327B-C19F-4B03-886C-728C05DEDABE}.Release|Any CPU.ActiveCfg = Release|Any CPU
		{6EDA327B-C19F-4B03-886C-728C05DEDABE}.Release|Any CPU.Build.0 = Release|Any CPU
		{6EDA327B-C19F-4B03-886C-728C05DEDABE}.Release|x64.ActiveCfg = Release|x64
		{6EDA327B-C19F-4B03-886C-728C05DEDABE}.Release|x64.Build.0 = Release|x64
		{6EDA327B-C19F-4B03-886C-728C05DEDABE}.Release-MONO|Any CPU.ActiveCfg = Release-MONO|Any CPU
		{6EDA327B-C19F-4B03-886C-728C05DEDABE}.Release-MONO|Any CPU.Build.0 = Release-MONO|Any CPU
		{6EDA327B-C19F-4B03-886C-728C05DEDABE}.Release-MONO|x64.ActiveCfg = Release-MONO|x64
		{6EDA327B-C19F-4B03-886C-728C05DEDABE}.Release-MONO|x64.Build.0 = Release-MONO|x64
		{F9B5038E-C7C6-4AE7-916E-3156F902690F}.Debug|Any CPU.ActiveCfg = Debug|Any CPU
		{F9B5038E-C7C6-4AE7-916E-3156F902690F}.Debug|Any CPU.Build.0 = Debug|Any CPU
		{F9B5038E-C7C6-4AE7-916E-3156F902690F}.Debug|x64.ActiveCfg = Debug|x64
		{F9B5038E-C7C6-4AE7-916E-3156F902690F}.Debug|x64.Build.0 = Debug|x64
		{F9B5038E-C7C6-4AE7-916E-3156F902690F}.Debug-MONO|Any CPU.ActiveCfg = Debug-MONO|Any CPU
		{F9B5038E-C7C6-4AE7-916E-3156F902690F}.Debug-MONO|Any CPU.Build.0 = Debug-MONO|Any CPU
		{F9B5038E-C7C6-4AE7-916E-3156F902690F}.Debug-MONO|x64.ActiveCfg = Debug-MONO|x64
		{F9B5038E-C7C6-4AE7-916E-3156F902690F}.Debug-MONO|x64.Build.0 = Debug-MONO|x64
		{F9B5038E-C7C6-4AE7-916E-3156F902690F}.Release|Any CPU.ActiveCfg = Release|Any CPU
		{F9B5038E-C7C6-4AE7-916E-3156F902690F}.Release|Any CPU.Build.0 = Release|Any CPU
		{F9B5038E-C7C6-4AE7-916E-3156F902690F}.Release|x64.ActiveCfg = Release|x64
		{F9B5038E-C7C6-4AE7-916E-3156F902690F}.Release|x64.Build.0 = Release|x64
		{F9B5038E-C7C6-4AE7-916E-3156F902690F}.Release-MONO|Any CPU.ActiveCfg = Release-MONO|Any CPU
		{F9B5038E-C7C6-4AE7-916E-3156F902690F}.Release-MONO|Any CPU.Build.0 = Release-MONO|Any CPU
		{F9B5038E-C7C6-4AE7-916E-3156F902690F}.Release-MONO|x64.ActiveCfg = Release-MONO|x64
		{F9B5038E-C7C6-4AE7-916E-3156F902690F}.Release-MONO|x64.Build.0 = Release-MONO|x64
		{BC52C118-18CC-407C-A2B8-88310EC19720}.Debug|Any CPU.ActiveCfg = Debug|Any CPU
		{BC52C118-18CC-407C-A2B8-88310EC19720}.Debug|Any CPU.Build.0 = Debug|Any CPU
		{BC52C118-18CC-407C-A2B8-88310EC19720}.Debug|x64.ActiveCfg = Debug|x64
		{BC52C118-18CC-407C-A2B8-88310EC19720}.Debug|x64.Build.0 = Debug|x64
		{BC52C118-18CC-407C-A2B8-88310EC19720}.Debug-MONO|Any CPU.ActiveCfg = Debug-MONO|Any CPU
		{BC52C118-18CC-407C-A2B8-88310EC19720}.Debug-MONO|Any CPU.Build.0 = Debug-MONO|Any CPU
		{BC52C118-18CC-407C-A2B8-88310EC19720}.Debug-MONO|x64.ActiveCfg = Debug-MONO|x64
		{BC52C118-18CC-407C-A2B8-88310EC19720}.Debug-MONO|x64.Build.0 = Debug-MONO|x64
		{BC52C118-18CC-407C-A2B8-88310EC19720}.Release|Any CPU.ActiveCfg = Release|Any CPU
		{BC52C118-18CC-407C-A2B8-88310EC19720}.Release|Any CPU.Build.0 = Release|Any CPU
		{BC52C118-18CC-407C-A2B8-88310EC19720}.Release|x64.ActiveCfg = Release|x64
		{BC52C118-18CC-407C-A2B8-88310EC19720}.Release|x64.Build.0 = Release|x64
		{BC52C118-18CC-407C-A2B8-88310EC19720}.Release-MONO|Any CPU.ActiveCfg = Release-MONO|Any CPU
		{BC52C118-18CC-407C-A2B8-88310EC19720}.Release-MONO|Any CPU.Build.0 = Release-MONO|Any CPU
		{BC52C118-18CC-407C-A2B8-88310EC19720}.Release-MONO|x64.ActiveCfg = Release-MONO|x64
		{BC52C118-18CC-407C-A2B8-88310EC19720}.Release-MONO|x64.Build.0 = Release-MONO|x64
	EndGlobalSection
	GlobalSection(SolutionProperties) = preSolution
		HideSolutionNode = FALSE
	EndGlobalSection
	GlobalSection(NestedProjects) = preSolution
		{FD7D515A-D10F-4F49-B8AE-21CF7ED071AE} = {89905EC4-BC0F-443B-8ADF-691321F10108}
		{FF498306-2DE2-47F6-8C35-3CF0589CF2B8} = {89905EC4-BC0F-443B-8ADF-691321F10108}
		{203F0362-DAFC-4679-A01E-7FBC331D8647} = {ED2FE3E2-F7E7-4389-8231-B65123F2076F}
		{73ACEB34-D22C-43EA-87BE-EFC0E83D0126} = {ED2FE3E2-F7E7-4389-8231-B65123F2076F}
		{ABB81DAE-0D26-483C-BE3B-0F9ACD812A62} = {ED2FE3E2-F7E7-4389-8231-B65123F2076F}
		{570950AD-A080-4F32-980C-F50E312910DF} = {ED2FE3E2-F7E7-4389-8231-B65123F2076F}
		{098D9321-1201-4974-A75E-F58EBCD98ACF} = {ED2FE3E2-F7E7-4389-8231-B65123F2076F}
		{C3845C85-1F59-4552-BE52-32F513CE795F} = {17735A9D-BFD9-4585-A7CB-3208CA6EA8A7}
		{BBB5A4C8-CD2D-4A6A-9159-0FEAF84B745E} = {17735A9D-BFD9-4585-A7CB-3208CA6EA8A7}
		{EF745C56-0350-4C42-AA22-86D592E1D8D5} = {17735A9D-BFD9-4585-A7CB-3208CA6EA8A7}
		{87063BA1-454D-4433-ADF9-89C667275D62} = {17735A9D-BFD9-4585-A7CB-3208CA6EA8A7}
		{07DD4AE1-5CF6-4EDB-AB29-31EB532F950F} = {17735A9D-BFD9-4585-A7CB-3208CA6EA8A7}
		{C8D98389-E3CF-4BEF-A9EF-D78672E51866} = {17735A9D-BFD9-4585-A7CB-3208CA6EA8A7}
		{131C05D4-D685-478F-A3FB-F5600EF93533} = {17735A9D-BFD9-4585-A7CB-3208CA6EA8A7}
		{1BFF54F9-4E35-49DB-893C-AF2047722FC6} = {17735A9D-BFD9-4585-A7CB-3208CA6EA8A7}
		{48E260F4-6F3F-4387-B61F-D15BABD06D9A} = {17735A9D-BFD9-4585-A7CB-3208CA6EA8A7}
		{23EE9BBB-3B33-4CF2-8D1A-29A8DB12E878} = {17735A9D-BFD9-4585-A7CB-3208CA6EA8A7}
		{C98C7C2E-2C29-4A40-958C-60561ED77791} = {ED2FE3E2-F7E7-4389-8231-B65123F2076F}
		{3275D006-54C8-4C64-A537-B9941C5D2F0C} = {89905EC4-BC0F-443B-8ADF-691321F10108}
		{08A40B6A-F695-4EA9-AC8D-CF88FADEA796} = {17735A9D-BFD9-4585-A7CB-3208CA6EA8A7}
		{FCDFAF40-CC16-4D49-96C0-E49F195E7142} = {ED2FE3E2-F7E7-4389-8231-B65123F2076F}
		{F39AC27C-B185-436C-923C-DFE2374904C9} = {17735A9D-BFD9-4585-A7CB-3208CA6EA8A7}
		{B4EE3671-C103-4A37-8DEB-C74E0134104E} = {17735A9D-BFD9-4585-A7CB-3208CA6EA8A7}
		{44759218-B558-4AF0-8991-515F1100DCF5} = {17735A9D-BFD9-4585-A7CB-3208CA6EA8A7}
		{B7C82980-F01D-4B8A-A746-BFA0032CB152} = {17735A9D-BFD9-4585-A7CB-3208CA6EA8A7}
		{14C91E15-BD00-4218-9674-6AD216D89AB8} = {17735A9D-BFD9-4585-A7CB-3208CA6EA8A7}
		{704DEF23-5B82-4901-8471-D30D5E921CD9} = {6E852999-4D8A-4592-BCAC-66DDD4DF8E6D}
		{0065B55D-B6E7-491E-859C-16F536B00B8C} = {6E852999-4D8A-4592-BCAC-66DDD4DF8E6D}
		{6EDA327B-C19F-4B03-886C-728C05DEDABE} = {6E852999-4D8A-4592-BCAC-66DDD4DF8E6D}
		{F9B5038E-C7C6-4AE7-916E-3156F902690F} = {6E852999-4D8A-4592-BCAC-66DDD4DF8E6D}
		{BC52C118-18CC-407C-A2B8-88310EC19720} = {6E852999-4D8A-4592-BCAC-66DDD4DF8E6D}
	EndGlobalSection
	GlobalSection(ExtensibilityGlobals) = postSolution
		SolutionGuid = {B526D2CE-EE2D-4AD4-93EF-1867D90FF1F5}
	EndGlobalSection
EndGlobal
