{
  "version": 3,
  "targets": {
    ".NETFramework,Version=v4.6.2": {
      "MicroBuild.Core/0.2.0": {
        "type": "package",
        "build": {
          "build/MicroBuild.Core.props": {},
          "build/MicroBuild.Core.targets": {}
        }
      },
      "MicroBuild.Core.Sentinel/1.0.0": {
        "type": "package"
      },
      "Microsoft.DiaSymReader.Pdb2Pdb/1.1.0-beta1-62506-02": {
        "type": "package"
      },
      "Microsoft.DotNet.SignTool/1.0.0-beta.19112.3": {
        "type": "package",
        "build": {
          "build/Microsoft.DotNet.SignTool.props": {}
        }
      },
      "Microsoft.SymbolUploader.Build.Task/1.0.0-beta-63604-05": {
        "type": "package"
      },
      "sn/1.0.0": {
        "type": "package"
      },
      "vswhere/2.5.2": {
        "type": "package",
        "build": {
          "build/vswhere.props": {}
        }
      }
    }
  },
  "libraries": {
    "MicroBuild.Core/0.2.0": {
      "sha512": "NAJSywH/hj6AYxDlbPQjFZAmF942RzcywDTLhFie9IVAI0SxzHZHeOnn3riIXlycCDGUrf1BnGH3NrpmsyfYLQ==",
      "type": "package",
      "path": "microbuild.core/0.2.0",
      "files": [
        ".nupkg.metadata",
        ".signature.p7s",
        "build/MicroBuild.Core.props",
        "build/MicroBuild.Core.targets",
        "build/MicroBuild.Plugin.props",
        "microbuild.core.0.2.0.nupkg.sha512",
        "microbuild.core.nuspec"
      ]
    },
    "MicroBuild.Core.Sentinel/1.0.0": {
      "sha512": "Hra2Plv5lO61Gk7pF44lQ2B4Y1vCEpyKpUZLuNoTr9YZ2dV/B0KSQOzIrZM/wwe+SoYKmY80X5igGSny332Diw==",
      "type": "package",
      "path": "microbuild.core.sentinel/1.0.0",
      "files": [
        ".nupkg.metadata",
        "microbuild.core.sentinel.1.0.0.nupkg.sha512",
        "microbuild.core.sentinel.nuspec",
        "sentinel.txt"
      ]
    },
    "Microsoft.DiaSymReader.Pdb2Pdb/1.1.0-beta1-62506-02": {
      "sha512": "pQ/DgtE9wBaXaixdmlDqf84VKuoUzcJqiyJJ8+a/XZJtt5gWDd7Txa271ey7iQ5yZc9LOh0GiAjfErwhwMESKQ==",
      "type": "package",
      "path": "microsoft.diasymreader.pdb2pdb/1.1.0-beta1-62506-02",
      "hasTools": true,
      "files": [
        ".nupkg.metadata",
        "microsoft.diasymreader.pdb2pdb.1.1.0-beta1-62506-02.nupkg.sha512",
        "microsoft.diasymreader.pdb2pdb.nuspec",
        "tools/Microsoft.DiaSymReader.Converter.dll",
        "tools/Microsoft.DiaSymReader.Native.amd64.dll",
        "tools/Microsoft.DiaSymReader.Native.x86.dll",
        "tools/Microsoft.DiaSymReader.dll",
        "tools/Newtonsoft.Json.dll",
        "tools/Pdb2Pdb.exe",
        "tools/System.Collections.Immutable.dll",
        "tools/System.Reflection.Metadata.dll",
        "tools/System.ValueTuple.dll",
        "tools/cs/Microsoft.DiaSymReader.Converter.resources.dll",
        "tools/cs/Pdb2Pdb.resources.dll",
        "tools/de/Microsoft.DiaSymReader.Converter.resources.dll",
        "tools/de/Pdb2Pdb.resources.dll",
        "tools/es/Microsoft.DiaSymReader.Converter.resources.dll",
        "tools/es/Pdb2Pdb.resources.dll",
        "tools/fr/Microsoft.DiaSymReader.Converter.resources.dll",
        "tools/fr/Pdb2Pdb.resources.dll",
        "tools/it/Microsoft.DiaSymReader.Converter.resources.dll",
        "tools/it/Pdb2Pdb.resources.dll",
        "tools/ja/Microsoft.DiaSymReader.Converter.resources.dll",
        "tools/ja/Pdb2Pdb.resources.dll",
        "tools/ko/Microsoft.DiaSymReader.Converter.resources.dll",
        "tools/ko/Pdb2Pdb.resources.dll",
        "tools/pl/Microsoft.DiaSymReader.Converter.resources.dll",
        "tools/pl/Pdb2Pdb.resources.dll",
        "tools/pt-BR/Microsoft.DiaSymReader.Converter.resources.dll",
        "tools/pt-BR/Pdb2Pdb.resources.dll",
        "tools/ru/Microsoft.DiaSymReader.Converter.resources.dll",
        "tools/ru/Pdb2Pdb.resources.dll",
        "tools/tr/Microsoft.DiaSymReader.Converter.resources.dll",
        "tools/tr/Pdb2Pdb.resources.dll",
        "tools/zh-Hans/Microsoft.DiaSymReader.Converter.resources.dll",
        "tools/zh-Hans/Pdb2Pdb.resources.dll",
        "tools/zh-Hant/Microsoft.DiaSymReader.Converter.resources.dll",
        "tools/zh-Hant/Pdb2Pdb.resources.dll"
      ]
    },
    "Microsoft.DotNet.SignTool/1.0.0-beta.19112.3": {
      "sha512": "vuzlYSDZbnsrTv/s70N6uKBSE8hxVw+3OpeeGV0670o+DLLwn09PmHxwWWHvo152+npwRYNzj/EFntpLqvnOGQ==",
      "type": "package",
      "path": "microsoft.dotnet.signtool/1.0.0-beta.19112.3",
      "hasTools": true,
      "files": [
        ".nupkg.metadata",
        ".signature.p7s",
        "LICENSE.txt",
        "THIRD-PARTY-NOTICES.txt",
        "build/Microsoft.DotNet.SignTool.props",
        "microsoft.dotnet.signtool.1.0.0-beta.19112.3.nupkg.sha512",
        "microsoft.dotnet.signtool.nuspec",
        "tools/net461/Microsoft.DotNet.SignTool.dll",
        "tools/net461/System.IO.FileSystem.Primitives.dll",
        "tools/net461/System.Reflection.Metadata.dll",
        "tools/netcoreapp2.0/Microsoft.DotNet.SignTool.deps.json",
        "tools/netcoreapp2.0/Microsoft.DotNet.SignTool.dll"
      ]
    },
    "Microsoft.SymbolUploader.Build.Task/1.0.0-beta-63604-05": {
      "sha512": "xdBH1w9n19+YCx/U2T+UG5WfU2ADC0F78YG059yHJyIdBxHi+uzWUukVAICSjb0ceFJ231Ar8gAnNA07TkfuSg==",
      "type": "package",
      "path": "microsoft.symboluploader.build.task/1.0.0-beta-63604-05",
      "files": [
        ".nupkg.metadata",
        ".signature.p7s",
        "build/PublishSymbols.targets",
        "build/net45/Microsoft.Build.Framework.dll",
        "build/net45/Microsoft.Build.Utilities.Core.dll",
        "build/net45/Microsoft.DiaSymReader.Converter.dll",
        "build/net45/Microsoft.DiaSymReader.Native.amd64.dll",
        "build/net45/Microsoft.DiaSymReader.Native.arm.dll",
        "build/net45/Microsoft.DiaSymReader.Native.x86.dll",
        "build/net45/Microsoft.DiaSymReader.dll",
        "build/net45/Microsoft.FileFormats.dll",
        "build/net45/Microsoft.IdentityModel.Clients.ActiveDirectory.Platform.dll",
        "build/net45/Microsoft.IdentityModel.Clients.ActiveDirectory.dll",
        "build/net45/Microsoft.SymbolStore.dll",
        "build/net45/Microsoft.SymbolUploader.Build.Task.dll",
        "build/net45/Microsoft.SymbolUploader.Build.Task.pdb",
        "build/net45/Microsoft.SymbolUploader.dll",
        "build/net45/Microsoft.SymbolUploader.pdb",
        "build/net45/Newtonsoft.Json.dll",
        "build/net45/System.Collections.Immutable.dll",
        "build/net45/System.Net.Http.Formatting.dll",
        "build/net45/System.Reflection.Metadata.dll",
        "build/net45/System.Runtime.InteropServices.RuntimeInformation.dll",
        "build/net45/System.Threading.Tasks.Dataflow.dll",
        "build/net45/System.ValueTuple.dll",
        "build/net45/cs/Microsoft.DiaSymReader.Converter.resources.dll",
        "build/net45/de/Microsoft.DiaSymReader.Converter.resources.dll",
        "build/net45/es/Microsoft.DiaSymReader.Converter.resources.dll",
        "build/net45/fr/Microsoft.DiaSymReader.Converter.resources.dll",
        "build/net45/it/Microsoft.DiaSymReader.Converter.resources.dll",
        "build/net45/ja/Microsoft.DiaSymReader.Converter.resources.dll",
        "build/net45/ko/Microsoft.DiaSymReader.Converter.resources.dll",
        "build/net45/pl/Microsoft.DiaSymReader.Converter.resources.dll",
        "build/net45/pt-BR/Microsoft.DiaSymReader.Converter.resources.dll",
        "build/net45/ru/Microsoft.DiaSymReader.Converter.resources.dll",
        "build/net45/tr/Microsoft.DiaSymReader.Converter.resources.dll",
        "build/net45/zh-Hans/Microsoft.DiaSymReader.Converter.resources.dll",
        "build/net45/zh-Hant/Microsoft.DiaSymReader.Converter.resources.dll",
        "build/netstandard2.0/Microsoft.CSharp.dll",
        "build/netstandard2.0/Microsoft.DiaSymReader.Converter.dll",
        "build/netstandard2.0/Microsoft.DiaSymReader.Native.amd64.dll",
        "build/netstandard2.0/Microsoft.DiaSymReader.Native.arm.dll",
        "build/netstandard2.0/Microsoft.DiaSymReader.Native.x86.dll",
        "build/netstandard2.0/Microsoft.DiaSymReader.dll",
        "build/netstandard2.0/Microsoft.FileFormats.dll",
        "build/netstandard2.0/Microsoft.IdentityModel.Clients.ActiveDirectory.dll",
        "build/netstandard2.0/Microsoft.SymbolStore.dll",
        "build/netstandard2.0/Microsoft.SymbolUploader.Build.Task.dll",
        "build/netstandard2.0/Microsoft.SymbolUploader.Build.Task.pdb",
        "build/netstandard2.0/Microsoft.SymbolUploader.dll",
        "build/netstandard2.0/Microsoft.SymbolUploader.pdb",
        "build/netstandard2.0/Newtonsoft.Json.dll",
        "build/netstandard2.0/System.Collections.Immutable.dll",
        "build/netstandard2.0/System.Net.Http.Formatting.dll",
        "build/netstandard2.0/System.Reflection.Metadata.dll",
        "build/netstandard2.0/System.Runtime.Loader.dll",
        "build/netstandard2.0/System.Threading.Tasks.Dataflow.dll",
        "build/netstandard2.0/cs/Microsoft.DiaSymReader.Converter.resources.dll",
        "build/netstandard2.0/de/Microsoft.DiaSymReader.Converter.resources.dll",
        "build/netstandard2.0/es/Microsoft.DiaSymReader.Converter.resources.dll",
        "build/netstandard2.0/fr/Microsoft.DiaSymReader.Converter.resources.dll",
        "build/netstandard2.0/it/Microsoft.DiaSymReader.Converter.resources.dll",
        "build/netstandard2.0/ja/Microsoft.DiaSymReader.Converter.resources.dll",
        "build/netstandard2.0/ko/Microsoft.DiaSymReader.Converter.resources.dll",
        "build/netstandard2.0/pl/Microsoft.DiaSymReader.Converter.resources.dll",
        "build/netstandard2.0/pt-BR/Microsoft.DiaSymReader.Converter.resources.dll",
        "build/netstandard2.0/ru/Microsoft.DiaSymReader.Converter.resources.dll",
        "build/netstandard2.0/tr/Microsoft.DiaSymReader.Converter.resources.dll",
        "build/netstandard2.0/zh-Hans/Microsoft.DiaSymReader.Converter.resources.dll",
        "build/netstandard2.0/zh-Hant/Microsoft.DiaSymReader.Converter.resources.dll",
        "microsoft.symboluploader.build.task.1.0.0-beta-63604-05.nupkg.sha512",
        "microsoft.symboluploader.build.task.nuspec"
      ]
    },
    "sn/1.0.0": {
      "sha512": "SiT1VAsvaikecEO/NwhfoA4OBAxfrV+EzHg4ZpbbEvmwrIXKNwvyHMEIvCaY8m0QM9DteFWX8u4reyZ3xB5h5w==",
      "type": "package",
      "path": "sn/1.0.0",
      "files": [
        ".nupkg.metadata",
        "1033/IlDasmrc.dll",
        "1033/TrackerUI.dll",
        "1033/flogvwrc.dll",
        "1033/gacutlrc.dll",
        "1033/pevrfyrc.dll",
        "1033/snrc.dll",
        "LICENSE.TXT",
        "README.TXT",
        "THIRD-PARTY-NOTICES.TXT",
        "sn.1.0.0.nupkg.sha512",
        "sn.exe",
        "sn.exe.config",
        "sn.nuspec"
      ]
    },
    "vswhere/2.5.2": {
      "sha512": "1l+4XdOe0wbAH7EVYCla1vawM8LcdOeLJIDJrIPMSpvEDWQGE5S2TrwdOU2foDgQ7edl2dLss00khYeJfqiecA==",
      "type": "package",
      "path": "vswhere/2.5.2",
      "hasTools": true,
      "files": [
        ".nupkg.metadata",
        ".signature.p7s",
        "build/vswhere.props",
        "tools/LICENSE.txt",
        "tools/VERIFICATION.txt",
        "tools/vswhere.exe",
        "vswhere.2.5.2.nupkg.sha512",
        "vswhere.nuspec"
      ]
    }
  },
  "projectFileDependencyGroups": {
    ".NETFramework,Version=v4.6.2": [
      "MicroBuild.Core >= 0.2.0",
      "MicroBuild.Core.Sentinel >= 1.0.0",
      "Microsoft.DiaSymReader.Pdb2Pdb >= 1.1.0-beta1-62506-02",
      "Microsoft.DotNet.SignTool >= 1.0.0-beta.19112.3",
      "Microsoft.SymbolUploader.Build.Task >= 1.0.0-beta-63604-05",
      "sn >= 1.0.0",
      "vswhere >= 2.5.2"
    ]
  },
  "packageFolders": {
    "E:\\Beta\\dot64\\dotnet-cli\\.nuget\\packages": {}
  },
  "project": {
    "version": "3.0.100-dev",
    "restore": {
      "projectUniqueName": "E:\\Beta\\dot64\\dotnet-cli\\.nuget\\packages\\microsoft.dotnet.arcade.sdk\\1.0.0-beta.19112.3\\tools\\Tools.proj",
      "projectName": "Tools",
      "projectPath": "E:\\Beta\\dot64\\dotnet-cli\\.nuget\\packages\\microsoft.dotnet.arcade.sdk\\1.0.0-beta.19112.3\\tools\\Tools.proj",
      "packagesPath": "E:\\Beta\\dot64\\dotnet-cli\\.nuget\\packages",
      "outputPath": "E:\\Beta\\dot64\\dotnet-cli\\artifacts\\toolset\\Common\\",
      "projectStyle": "PackageReference",
      "configFilePaths": [
        "E:\\Beta\\dot64\\dotnet-cli\\NuGet.config"
      ],
      "originalTargetFrameworks": [
        "net462"
      ],
      "sources": {
        "https://api.nuget.org/v3/index.json": {},
        "https://dotnet.myget.org/F/aspnetcore-dev/api/v3/index.json": {},
        "https://dotnet.myget.org/F/dotnet-buildtools/api/v3/index.json": {},
        "https://dotnet.myget.org/F/roslyn-tools/api/v3/index.json": {},
        "https://dotnet.myget.org/F/symreader-converter/api/v3/index.json": {},
        "https://dotnetfeed.blob.core.windows.net/dotnet-core/index.json": {},
        "https://dotnetfeed.blob.core.windows.net/dotnet-windowsdesktop/index.json": {}
      },
      "frameworks": {
        "net462": {
          "projectReferences": {}
        }
      },
      "warningProperties": {
        "allWarningsAsErrors": true,
        "noWarn": [
          "NU5105"
        ]
      }
    },
    "frameworks": {
      "net462": {
        "dependencies": {
          "MicroBuild.Core": {
            "target": "Package",
            "version": "[0.2.0, )",
            "autoReferenced": true
          },
          "MicroBuild.Core.Sentinel": {
            "target": "Package",
            "version": "[1.0.0, )",
            "autoReferenced": true
          },
          "Microsoft.DiaSymReader.Pdb2Pdb": {
            "target": "Package",
            "version": "[1.1.0-beta1-62506-02, )",
            "autoReferenced": true
          },
          "Microsoft.DotNet.SignTool": {
            "target": "Package",
            "version": "[1.0.0-beta.19112.3, )",
            "autoReferenced": true
          },
          "Microsoft.SymbolUploader.Build.Task": {
            "target": "Package",
            "version": "[1.0.0-beta-63604-05, )",
            "autoReferenced": true
          },
          "sn": {
            "target": "Package",
            "version": "[1.0.0, )",
            "autoReferenced": true
          },
          "vswhere": {
            "target": "Package",
            "version": "[2.5.2, )",
            "autoReferenced": true
          }
        }
      }
    }
  }
}